
Microsoft Visual Studio Solution File, Format Version 12.00
# Visual Studio Version 16
VisualStudioVersion = 16.0.30907.101
MinimumVisualStudioVersion = 10.0.40219.1
Project("{9A19103F-16F7-4668-BE54-9A1E7A4F7556}") = "EFCoreManyToManyDemo", "EFCoreManyToManyDemo\EFCoreManyToManyDemo.csproj", "{66204332-CAC2-4D5D-8B99-F641BFE5DCCE}"
EndProject
Project("{2150E333-8FDC-42A3-9474-1A3956D46DE8}") = "Solution Items", "Solution Items", "{2EFA47A3-7C94-4A84-A751-0B4269A470EB}"
	ProjectSection(SolutionItems) = preProject
		Readme.md = Readme.md
	EndProjectSection
EndProject
Global
	GlobalSection(SolutionConfigurationPlatforms) = preSolution
		Debug|Any CPU = Debug|Any CPU
		Release|Any CPU = Release|Any CPU
	EndGlobalSection
	GlobalSection(ProjectConfigurationPlatforms) = postSolution
		{66204332-CAC2-4D5D-8B99-F641BFE5DCCE}.Debug|Any CPU.ActiveCfg = Debug|Any CPU
		{66204332-CAC2-4D5D-8B99-F641BFE5DCCE}.Debug|Any CPU.Build.0 = Debug|Any CPU
		{66204332-CAC2-4D5D-8B99-F641BFE5DCCE}.Release|Any CPU.ActiveCfg = Release|Any CPU
		{66204332-CAC2-4D5D-8B99-F641BFE5DCCE}.Release|Any CPU.Build.0 = Release|Any CPU
	EndGlobalSection
	GlobalSection(SolutionProperties) = preSolution
		HideSolutionNode = FALSE
	EndGlobalSection
	GlobalSection(ExtensibilityGlobals) = postSolution
		SolutionGuid = {4F70E450-AF75-4A59-A8C4-FA2AA35EB3A5}
	EndGlobalSection
EndGlobal
